<?xml version="1.0" encoding="utf-8"?>
<Project ToolsVersion="4.0" xmlns="http://schemas.microsoft.com/developer/msbuild/2003">
  <ItemGroup>
    <ClCompile Include="Gui\Button.cpp" />
    <ClCompile Include="Gui\CheckBox.cpp" />
    <ClCompile Include="Gui\Image.cpp" />
    <ClCompile Include="Gui\Label.cpp" />
    <ClCompile Include="Gui\Layouts\FormLayout.cpp" />
    <ClCompile Include="Gui\Layouts\HBoxLayout.cpp" />
    <ClCompile Include="Gui\Layouts\Layout.cpp" />
    <ClCompile Include="Gui\Layouts\VBoxLayout.cpp" />
    <ClCompile Include="Gui\Menu.cpp" />
    <ClCompile Include="Gui\ProgressBar.cpp" />
    <ClCompile Include="Gui\Slider.cpp" />
    <ClCompile Include="Gui\SpriteButton.cpp" />
    <ClCompile Include="Gui\TextBox.cpp" />
    <ClCompile Include="Gui\Theme.cpp" />
    <ClCompile Include="Gui\Utils\Arrow.cpp" />
    <ClCompile Include="Gui\Utils\Box.cpp" />
    <ClCompile Include="Gui\Utils\Cross.cpp" />
    <ClCompile Include="Gui\Widget.cpp" />
    <ClCompile Include="WaveGenerator.cpp" />
    <ClCompile Include="WaveParameters.cpp" />
    <ClCompile Include="Main.cpp" />
  </ItemGroup>
  <ItemGroup>
    <ClInclude Include="Gui\Button.hpp" />
    <ClInclude Include="Gui\CheckBox.hpp" />
    <ClInclude Include="Gui\ComboBox.hpp" />
    <ClInclude Include="Gui\Enums\Enums.hpp" />
    <ClInclude Include="Gui\Gui.hpp" />
    <ClInclude Include="Gui\Image.hpp" />
    <ClInclude Include="Gui\Label.hpp" />
    <ClInclude Include="Gui\Layouts\FormLayout.hpp" />
    <ClInclude Include="Gui\Layouts\HBoxLayout.hpp" />
    <ClInclude Include="Gui\Layouts\Layout.hpp" />
    <ClInclude Include="Gui\Layouts\VBoxLayout.hpp" />
    <ClInclude Include="Gui\Menu.hpp" />
    <ClInclude Include="Gui\OptionsBox.hpp" />
    <ClInclude Include="Gui\ProgressBar.hpp" />
    <ClInclude Include="Gui\Slider.hpp" />
    <ClInclude Include="Gui\SpriteButton.hpp" />
    <ClInclude Include="Gui\TextBox.hpp" />
    <ClInclude Include="Gui\Theme.hpp" />
    <ClInclude Include="Gui\Utils\Arrow.hpp" />
    <ClInclude Include="Gui\Utils\Box.hpp" />
    <ClInclude Include="Gui\Utils\Cross.hpp" />
    <ClInclude Include="Gui\Utils\ItemBox.hpp" />
    <ClInclude Include="Gui\Widget.hpp" />
    <ClInclude Include="resource.h" />
    <ClInclude Include="WaveGenerator.h" />
    <ClInclude Include="WaveParameters.h" />
  </ItemGroup>
  <ItemGroup>
    <ResourceCompile Include="Aleatoric.rc" />
  </ItemGroup>
  <ItemGroup>
    <None Include="Gui\ComboBox.inl" />
    <None Include="Gui\OptionsBox.inl" />
  </ItemGroup>
</Project>